// !$*UTF8*$!
{
	archiveVersion = 1;
	classes = {
	};
	objectVersion = 56;
	objects = {

/* Begin PBXBuildFile section */
		1A55E74B293A367900A51CDB /* AppDelegate.swift in Sources */ = {isa = PBXBuildFile; fileRef = 1A55E74A293A367900A51CDB /* AppDelegate.swift */; };
		1A55E74D293A367900A51CDB /* SceneDelegate.swift in Sources */ = {isa = PBXBuildFile; fileRef = 1A55E74C293A367900A51CDB /* SceneDelegate.swift */; };
		1A55E74F293A367900A51CDB /* ViewController.swift in Sources */ = {isa = PBXBuildFile; fileRef = 1A55E74E293A367900A51CDB /* ViewController.swift */; };
		1A55E754293A367B00A51CDB /* Assets.xcassets in Resources */ = {isa = PBXBuildFile; fileRef = 1A55E753293A367B00A51CDB /* Assets.xcassets */; };
		1A55E757293A367B00A51CDB /* LaunchScreen.storyboard in Resources */ = {isa = PBXBuildFile; fileRef = 1A55E755293A367B00A51CDB /* LaunchScreen.storyboard */; };
		1A55E764293A3F2D00A51CDB /* MainContentView.swift in Sources */ = {isa = PBXBuildFile; fileRef = 1A55E763293A3F2D00A51CDB /* MainContentView.swift */; };
		1A55E766293B6CF300A51CDB /* Model.swift in Sources */ = {isa = PBXBuildFile; fileRef = 1A55E765293B6CF300A51CDB /* Model.swift */; };
		1A55E768293B70FC00A51CDB /* ApplyableProtocol.swift in Sources */ = {isa = PBXBuildFile; fileRef = 1A55E767293B70FC00A51CDB /* ApplyableProtocol.swift */; };
/* End PBXBuildFile section */

/* Begin PBXFileReference section */
		1A55E747293A367900A51CDB /* DefaultImage.app */ = {isa = PBXFileReference; explicitFileType = wrapper.application; includeInIndex = 0; path = DefaultImage.app; sourceTree = BUILT_PRODUCTS_DIR; };
		1A55E74A293A367900A51CDB /* AppDelegate.swift */ = {isa = PBXFileReference; lastKnownFileType = sourcecode.swift; path = AppDelegate.swift; sourceTree = "<group>"; };
		1A55E74C293A367900A51CDB /* SceneDelegate.swift */ = {isa = PBXFileReference; lastKnownFileType = sourcecode.swift; path = SceneDelegate.swift; sourceTree = "<group>"; };
		1A55E74E293A367900A51CDB /* ViewController.swift */ = {isa = PBXFileReference; lastKnownFileType = sourcecode.swift; path = ViewController.swift; sourceTree = "<group>"; };
		1A55E753293A367B00A51CDB /* Assets.xcassets */ = {isa = PBXFileReference; lastKnownFileType = folder.assetcatalog; path = Assets.xcassets; sourceTree = "<group>"; };
		1A55E756293A367B00A51CDB /* Base */ = {isa = PBXFileReference; lastKnownFileType = file.storyboard; name = Base; path = Base.lproj/LaunchScreen.storyboard; sourceTree = "<group>"; };
		1A55E758293A367B00A51CDB /* Info.plist */ = {isa = PBXFileReference; lastKnownFileType = text.plist.xml; path = Info.plist; sourceTree = "<group>"; };
		1A55E763293A3F2D00A51CDB /* MainContentView.swift */ = {isa = PBXFileReference; lastKnownFileType = sourcecode.swift; path = MainContentView.swift; sourceTree = "<group>"; };
		1A55E765293B6CF300A51CDB /* Model.swift */ = {isa = PBXFileReference; lastKnownFileType = sourcecode.swift; path = Model.swift; sourceTree = "<group>"; };
		1A55E767293B70FC00A51CDB /* ApplyableProtocol.swift */ = {isa = PBXFileReference; lastKnownFileType = sourcecode.swift; path = ApplyableProtocol.swift; sourceTree = "<group>"; };
/* End PBXFileReference section */

/* Begin PBXFrameworksBuildPhase section */
		1A55E744293A367900A51CDB /* Frameworks */ = {
			isa = PBXFrameworksBuildPhase;
			buildActionMask = 2147483647;
			files = (
			);
			runOnlyForDeploymentPostprocessing = 0;
		};
/* End PBXFrameworksBuildPhase section */

/* Begin PBXGroup section */
		1A55E73E293A367900A51CDB = {
			isa = PBXGroup;
			children = (
				1A55E749293A367900A51CDB /* DefaultImage */,
				1A55E748293A367900A51CDB /* Products */,
			);
			sourceTree = "<group>";
		};
		1A55E748293A367900A51CDB /* Products */ = {
			isa = PBXGroup;
			children = (
				1A55E747293A367900A51CDB /* DefaultImage.app */,
			);
			name = Products;
			sourceTree = "<group>";
		};
		1A55E749293A367900A51CDB /* DefaultImage */ = {
			isa = PBXGroup;
			children = (
				1A55E762293A3E3000A51CDB /* Models */,
				1A55E760293A3E1E00A51CDB /* Views */,
				1A55E761293A3E2600A51CDB /* Controllers */,
				1A55E75F293A3DE900A51CDB /* SupportingFiles */,
				1A55E75E293A3DBB00A51CDB /* Resources */,
			);
			path = DefaultImage;
			sourceTree = "<group>";
		};
		1A55E75E293A3DBB00A51CDB /* Resources */ = {
			isa = PBXGroup;
			children = (
				1A55E753293A367B00A51CDB /* Assets.xcassets */,
			);
			path = Resources;
			sourceTree = "<group>";
		};
		1A55E75F293A3DE900A51CDB /* SupportingFiles */ = {
			isa = PBXGroup;
			children = (
				1A55E769293B712200A51CDB /* Protocols */,
				1A55E74A293A367900A51CDB /* AppDelegate.swift */,
				1A55E74C293A367900A51CDB /* SceneDelegate.swift */,
				1A55E755293A367B00A51CDB /* LaunchScreen.storyboard */,
				1A55E758293A367B00A51CDB /* Info.plist */,
			);
			path = SupportingFiles;
			sourceTree = "<group>";
		};
		1A55E760293A3E1E00A51CDB /* Views */ = {
			isa = PBXGroup;
			children = (
				1A55E763293A3F2D00A51CDB /* MainContentView.swift */,
			);
			path = Views;
			sourceTree = "<group>";
		};
		1A55E761293A3E2600A51CDB /* Controllers */ = {
			isa = PBXGroup;
			children = (
				1A55E74E293A367900A51CDB /* ViewController.swift */,
			);
			path = Controllers;
			sourceTree = "<group>";
		};
		1A55E762293A3E3000A51CDB /* Models */ = {
			isa = PBXGroup;
			children = (
				1A55E765293B6CF300A51CDB /* Model.swift */,
			);
			path = Models;
			sourceTree = "<group>";
		};
		1A55E769293B712200A51CDB /* Protocols */ = {
			isa = PBXGroup;
			children = (
				1A55E767293B70FC00A51CDB /* ApplyableProtocol.swift */,
			);
			path = Protocols;
			sourceTree = "<group>";
		};
/* End PBXGroup section */

/* Begin PBXNativeTarget section */
		1A55E746293A367900A51CDB /* DefaultImage */ = {
			isa = PBXNativeTarget;
			buildConfigurationList = 1A55E75B293A367B00A51CDB /* Build configuration list for PBXNativeTarget "DefaultImage" */;
			buildPhases = (
				1A55E743293A367900A51CDB /* Sources */,
				1A55E744293A367900A51CDB /* Frameworks */,
				1A55E745293A367900A51CDB /* Resources */,
			);
			buildRules = (
			);
			dependencies = (
			);
			name = DefaultImage;
			productName = DefaultImage;
			productReference = 1A55E747293A367900A51CDB /* DefaultImage.app */;
			productType = "com.apple.product-type.application";
		};
/* End PBXNativeTarget section */

/* Begin PBXProject section */
		1A55E73F293A367900A51CDB /* Project object */ = {
			isa = PBXProject;
			attributes = {
				BuildIndependentTargetsInParallel = 1;
				LastSwiftUpdateCheck = 1400;
				LastUpgradeCheck = 1400;
				TargetAttributes = {
					1A55E746293A367900A51CDB = {
						CreatedOnToolsVersion = 14.0.1;
					};
				};
			};
			buildConfigurationList = 1A55E742293A367900A51CDB /* Build configuration list for PBXProject "DefaultImage" */;
			compatibilityVersion = "Xcode 14.0";
			developmentRegion = en;
			hasScannedForEncodings = 0;
			knownRegions = (
				en,
				Base,
			);
			mainGroup = 1A55E73E293A367900A51CDB;
			productRefGroup = 1A55E748293A367900A51CDB /* Products */;
			projectDirPath = "";
			projectRoot = "";
			targets = (
				1A55E746293A367900A51CDB /* DefaultImage */,
			);
		};
/* End PBXProject section */

/* Begin PBXResourcesBuildPhase section */
		1A55E745293A367900A51CDB /* Resources */ = {
			isa = PBXResourcesBuildPhase;
			buildActionMask = 2147483647;
			files = (
				1A55E757293A367B00A51CDB /* LaunchScreen.storyboard in Resources */,
				1A55E754293A367B00A51CDB /* Assets.xcassets in Resources */,
			);
			runOnlyForDeploymentPostprocessing = 0;
		};
/* End PBXResourcesBuildPhase section */

/* Begin PBXSourcesBuildPhase section */
		1A55E743293A367900A51CDB /* Sources */ = {
			isa = PBXSourcesBuildPhase;
			buildActionMask = 2147483647;
			files = (
				1A55E766293B6CF300A51CDB /* Model.swift in Sources */,
				1A55E768293B70FC00A51CDB /* ApplyableProtocol.swift in Sources */,
				1A55E74F293A367900A51CDB /* ViewController.swift in Sources */,
				1A55E764293A3F2D00A51CDB /* MainContentView.swift in Sources */,
				1A55E74B293A367900A51CDB /* AppDelegate.swift in Sources */,
				1A55E74D293A367900A51CDB /* SceneDelegate.swift in Sources */,
			);
			runOnlyForDeploymentPostprocessing = 0;
		};
/* End PBXSourcesBuildPhase section */

/* Begin PBXVariantGroup section */
		1A55E755293A367B00A51CDB /* LaunchScreen.storyboard */ = {
			isa = PBXVariantGroup;
			children = (
				1A55E756293A367B00A51CDB /* Base */,
			);
			name = LaunchScreen.storyboard;
			sourceTree = "<group>";
		};
/* End PBXVariantGroup section */

/* Begin XCBuildConfiguration section */
		1A55E759293A367B00A51CDB /* Debug */ = {
			isa = XCBuildConfiguration;
			buildSettings = {
				ALWAYS_SEARCH_USER_PATHS = NO;
				CLANG_ANALYZER_NONNULL = YES;
				CLANG_ANALYZER_NUMBER_OBJECT_CONVERSION = YES_AGGRESSIVE;
				CLANG_CXX_LANGUAGE_STANDARD = "gnu++20";
				CLANG_ENABLE_MODULES = YES;
				CLANG_ENABLE_OBJC_ARC = YES;
				CLANG_ENABLE_OBJC_WEAK = YES;
				CLANG_WARN_BLOCK_CAPTURE_AUTORELEASING = YES;
				CLANG_WARN_BOOL_CONVERSION = YES;
				CLANG_WARN_COMMA = YES;
				CLANG_WARN_CONSTANT_CONVERSION = YES;
				CLANG_WARN_DEPRECATED_OBJC_IMPLEMENTATIONS = YES;
				CLANG_WARN_DIRECT_OBJC_ISA_USAGE = YES_ERROR;
				CLANG_WARN_DOCUMENTATION_COMMENTS = YES;
				CLANG_WARN_EMPTY_BODY = YES;
				CLANG_WARN_ENUM_CONVERSION = YES;
				CLANG_WARN_INFINITE_RECURSION = YES;
				CLANG_WARN_INT_CONVERSION = YES;
				CLANG_WARN_NON_LITERAL_NULL_CONVERSION = YES;
				CLANG_WARN_OBJC_IMPLICIT_RETAIN_SELF = YES;
				CLANG_WARN_OBJC_LITERAL_CONVERSION = YES;
				CLANG_WARN_OBJC_ROOT_CLASS = YES_ERROR;
				CLANG_WARN_QUOTED_INCLUDE_IN_FRAMEWORK_HEADER = YES;
				CLANG_WARN_RANGE_LOOP_ANALYSIS = YES;
				CLANG_WARN_STRICT_PROTOTYPES = YES;
				CLANG_WARN_SUSPICIOUS_MOVE = YES;
				CLANG_WARN_UNGUARDED_AVAILABILITY = YES_AGGRESSIVE;
				CLANG_WARN_UNREACHABLE_CODE = YES;
				CLANG_WARN__DUPLICATE_METHOD_MATCH = YES;
				COPY_PHASE_STRIP = NO;
				DEBUG_INFORMATION_FORMAT = dwarf;
				ENABLE_STRICT_OBJC_MSGSEND = YES;
				ENABLE_TESTABILITY = YES;
				GCC_C_LANGUAGE_STANDARD = gnu11;
				GCC_DYNAMIC_NO_PIC = NO;
				GCC_NO_COMMON_BLOCKS = YES;
				GCC_OPTIMIZATION_LEVEL = 0;
				GCC_PREPROCESSOR_DEFINITIONS = (
					"DEBUG=1",
					"$(inherited)",
				);
				GCC_WARN_64_TO_32_BIT_CONVERSION = YES;
				GCC_WARN_ABOUT_RETURN_TYPE = YES_ERROR;
				GCC_WARN_UNDECLARED_SELECTOR = YES;
				GCC_WARN_UNINITIALIZED_AUTOS = YES_AGGRESSIVE;
				GCC_WARN_UNUSED_FUNCTION = YES;
				GCC_WARN_UNUSED_VARIABLE = YES;
				IPHONEOS_DEPLOYMENT_TARGET = 16.0;
				MTL_ENABLE_DEBUG_INFO = INCLUDE_SOURCE;
				MTL_FAST_MATH = YES;
				ONLY_ACTIVE_ARCH = YES;
				SDKROOT = iphoneos;
				SWIFT_ACTIVE_COMPILATION_CONDITIONS = DEBUG;
				SWIFT_OPTIMIZATION_LEVEL = "-Onone";
			};
			name = Debug;
		};
		1A55E75A293A367B00A51CDB /* Release */ = {
			isa = XCBuildConfiguration;
			buildSettings = {
				ALWAYS_SEARCH_USER_PATHS = NO;
				CLANG_ANALYZER_NONNULL = YES;
				CLANG_ANALYZER_NUMBER_OBJECT_CONVERSION = YES_AGGRESSIVE;
				CLANG_CXX_LANGUAGE_STANDARD = "gnu++20";
				CLANG_ENABLE_MODULES = YES;
				CLANG_ENABLE_OBJC_ARC = YES;
				CLANG_ENABLE_OBJC_WEAK = YES;
				CLANG_WARN_BLOCK_CAPTURE_AUTORELEASING = YES;
				CLANG_WARN_BOOL_CONVERSION = YES;
				CLANG_WARN_COMMA = YES;
				CLANG_WARN_CONSTANT_CONVERSION = YES;
				CLANG_WARN_DEPRECATED_OBJC_IMPLEMENTATIONS = YES;
				CLANG_WARN_DIRECT_OBJC_ISA_USAGE = YES_ERROR;
				CLANG_WARN_DOCUMENTATION_COMMENTS = YES;
				CLANG_WARN_EMPTY_BODY = YES;
				CLANG_WARN_ENUM_CONVERSION = YES;
				CLANG_WARN_INFINITE_RECURSION = YES;
				CLANG_WARN_INT_CONVERSION = YES;
				CLANG_WARN_NON_LITERAL_NULL_CONVERSION = YES;
				CLANG_WARN_OBJC_IMPLICIT_RETAIN_SELF = YES;
				CLANG_WARN_OBJC_LITERAL_CONVERSION = YES;
				CLANG_WARN_OBJC_ROOT_CLASS = YES_ERROR;
				CLANG_WARN_QUOTED_INCLUDE_IN_FRAMEWORK_HEADER = YES;
				CLANG_WARN_RANGE_LOOP_ANALYSIS = YES;
				CLANG_WARN_STRICT_PROTOTYPES = YES;
				CLANG_WARN_SUSPICIOUS_MOVE = YES;
				CLANG_WARN_UNGUARDED_AVAILABILITY = YES_AGGRESSIVE;
				CLANG_WARN_UNREACHABLE_CODE = YES;
				CLANG_WARN__DUPLICATE_METHOD_MATCH = YES;
				COPY_PHASE_STRIP = NO;
				DEBUG_INFORMATION_FORMAT = "dwarf-with-dsym";
				ENABLE_NS_ASSERTIONS = NO;
				ENABLE_STRICT_OBJC_MSGSEND = YES;
				GCC_C_LANGUAGE_STANDARD = gnu11;
				GCC_NO_COMMON_BLOCKS = YES;
				GCC_WARN_64_TO_32_BIT_CONVERSION = YES;
				GCC_WARN_ABOUT_RETURN_TYPE = YES_ERROR;
				GCC_WARN_UNDECLARED_SELECTOR = YES;
				GCC_WARN_UNINITIALIZED_AUTOS = YES_AGGRESSIVE;
				GCC_WARN_UNUSED_FUNCTION = YES;
				GCC_WARN_UNUSED_VARIABLE = YES;
				IPHONEOS_DEPLOYMENT_TARGET = 16.0;
				MTL_ENABLE_DEBUG_INFO = NO;
				MTL_FAST_MATH = YES;
				SDKROOT = iphoneos;
				SWIFT_COMPILATION_MODE = wholemodule;
				SWIFT_OPTIMIZATION_LEVEL = "-O";
				VALIDATE_PRODUCT = YES;
			};
			name = Release;
		};
		1A55E75C293A367B00A51CDB /* Debug */ = {
			isa = XCBuildConfiguration;
			buildSettings = {
				ASSETCATALOG_COMPILER_APPICON_NAME = AppIcon;
				ASSETCATALOG_COMPILER_GLOBAL_ACCENT_COLOR_NAME = AccentColor;
				CODE_SIGN_STYLE = Automatic;
				CURRENT_PROJECT_VERSION = 1;
				DEVELOPMENT_TEAM = 2TFP9B86SX;
				GENERATE_INFOPLIST_FILE = YES;
				INFOPLIST_FILE = DefaultImage/SupportingFiles/Info.plist;
				INFOPLIST_KEY_UIApplicationSupportsIndirectInputEvents = YES;
				INFOPLIST_KEY_UILaunchStoryboardName = LaunchScreen;
				INFOPLIST_KEY_UIMainStoryboardFile = "";
				INFOPLIST_KEY_UISupportedInterfaceOrientations_iPad = "UIInterfaceOrientationPortrait UIInterfaceOrientationPortraitUpsideDown UIInterfaceOrientationLandscapeLeft UIInterfaceOrientationLandscapeRight";
				INFOPLIST_KEY_UISupportedInterfaceOrientations_iPhone = "UIInterfaceOrientationPortrait UIInterfaceOrientationLandscapeLeft UIInterfaceOrientationLandscapeRight";
				LD_RUNPATH_SEARCH_PATHS = (
					"$(inherited)",
					"@executable_path/Frameworks",
				);
				MARKETING_VERSION = 1.0;
				PRODUCT_BUNDLE_IDENTIFIER = Inan.DefaultImage;
				PRODUCT_NAME = "$(TARGET_NAME)";
				SWIFT_EMIT_LOC_STRINGS = YES;
				SWIFT_VERSION = 5.0;
				TARGETED_DEVICE_FAMILY = "1,2";
			};
			name = Debug;
		};
		1A55E75D293A367B00A51CDB /* Release */ = {
			isa = XCBuildConfiguration;
			buildSettings = {
				ASSETCATALOG_COMPILER_APPICON_NAME = AppIcon;
				ASSETCATALOG_COMPILER_GLOBAL_ACCENT_COLOR_NAME = AccentColor;
				CODE_SIGN_STYLE = Automatic;
				CURRENT_PROJECT_VERSION = 1;
				DEVELOPMENT_TEAM = 2TFP9B86SX;
				GENERATE_INFOPLIST_FILE = YES;
				INFOPLIST_FILE = DefaultImage/SupportingFiles/Info.plist;
				INFOPLIST_KEY_UIApplicationSupportsIndirectInputEvents = YES;
				INFOPLIST_KEY_UILaunchStoryboardName = LaunchScreen;
				INFOPLIST_KEY_UIMainStoryboardFile = "";
				INFOPLIST_KEY_UISupportedInterfaceOrientations_iPad = "UIInterfaceOrientationPortrait UIInterfaceOrientationPortraitUpsideDown UIInterfaceOrientationLandscapeLeft UIInterfaceOrientationLandscapeRight";
				INFOPLIST_KEY_UISupportedInterfaceOrientations_iPhone = "UIInterfaceOrientationPortrait UIInterfaceOrientationLandscapeLeft UIInterfaceOrientationLandscapeRight";
				LD_RUNPATH_SEARCH_PATHS = (
					"$(inherited)",
					"@executable_path/Frameworks",
				);
				MARKETING_VERSION = 1.0;
				PRODUCT_BUNDLE_IDENTIFIER = Inan.DefaultImage;
				PRODUCT_NAME = "$(TARGET_NAME)";
				SWIFT_EMIT_LOC_STRINGS = YES;
				SWIFT_VERSION = 5.0;
				TARGETED_DEVICE_FAMILY = "1,2";
			};
			name = Release;
		};
/* End XCBuildConfiguration section */

/* Begin XCConfigurationList section */
		1A55E742293A367900A51CDB /* Build configuration list for PBXProject "DefaultImage" */ = {
			isa = XCConfigurationList;
			buildConfigurations = (
				1A55E759293A367B00A51CDB /* Debug */,
				1A55E75A293A367B00A51CDB /* Release */,
			);
			defaultConfigurationIsVisible = 0;
			defaultConfigurationName = Release;
		};
		1A55E75B293A367B00A51CDB /* Build configuration list for PBXNativeTarget "DefaultImage" */ = {
			isa = XCConfigurationList;
			buildConfigurations = (
				1A55E75C293A367B00A51CDB /* Debug */,
				1A55E75D293A367B00A51CDB /* Release */,
			);
			defaultConfigurationIsVisible = 0;
			defaultConfigurationName = Release;
		};
/* End XCConfigurationList section */
	};
	rootObject = 1A55E73F293A367900A51CDB /* Project object */;
}
